
Microsoft Visual Studio Solution File, Format Version 12.00
# Visual Studio Version 17
VisualStudioVersion = 17.9.34622.214
MinimumVisualStudioVersion = 10.0.40219.1
Project("{9A19103F-16F7-4668-BE54-9A1E7A4F7556}") = "lab2noPattern", "lab2\lab2noPattern.csproj", "{7D94B79C-CBF3-446A-8575-F3155042557A}"
EndProject
Project("{FAE04EC0-301F-11D3-BF4B-00C04F79EFBC}") = "lab2withpattern", "lab2withpattern\lab2withpattern.csproj", "{5A3BEB8D-3C8C-4B1F-9E7C-161169265DB9}"
EndProject
Global
	GlobalSection(SolutionConfigurationPlatforms) = preSolution
		Debug|Any CPU = Debug|Any CPU
		Release|Any CPU = Release|Any CPU
	EndGlobalSection
	GlobalSection(ProjectConfigurationPlatforms) = postSolution
		{7D94B79C-CBF3-446A-8575-F3155042557A}.Debug|Any CPU.ActiveCfg = Debug|Any CPU
		{7D94B79C-CBF3-446A-8575-F3155042557A}.Debug|Any CPU.Build.0 = Debug|Any CPU
		{7D94B79C-CBF3-446A-8575-F3155042557A}.Release|Any CPU.ActiveCfg = Release|Any CPU
		{7D94B79C-CBF3-446A-8575-F3155042557A}.Release|Any CPU.Build.0 = Release|Any CPU
		{5A3BEB8D-3C8C-4B1F-9E7C-161169265DB9}.Debug|Any CPU.ActiveCfg = Debug|Any CPU
		{5A3BEB8D-3C8C-4B1F-9E7C-161169265DB9}.Debug|Any CPU.Build.0 = Debug|Any CPU
		{5A3BEB8D-3C8C-4B1F-9E7C-161169265DB9}.Release|Any CPU.ActiveCfg = Release|Any CPU
		{5A3BEB8D-3C8C-4B1F-9E7C-161169265DB9}.Release|Any CPU.Build.0 = Release|Any CPU
	EndGlobalSection
	GlobalSection(SolutionProperties) = preSolution
		HideSolutionNode = FALSE
	EndGlobalSection
	GlobalSection(ExtensibilityGlobals) = postSolution
		SolutionGuid = {86316C38-BC89-471E-9AFB-8D89DB770962}
	EndGlobalSection
EndGlobal
